
Microsoft Visual Studio Solution File, Format Version 12.00
# Visual Studio Version 17
VisualStudioVersion = 17.8.34330.188
MinimumVisualStudioVersion = 10.0.40219.1
Project("{8BC9CEB8-8B4A-11D0-8D11-00A0C91BC942}") = "FirstC++Game", "FirstC++Game\FirstC++Game.vcxproj", "{B326EA40-E218-427C-972E-D0BC7B0C4C8B}"
EndProject
Global
	GlobalSection(SolutionConfigurationPlatforms) = preSolution
		Debug|x64 = Debug|x64
		Debug|x86 = Debug|x86
		Release|x64 = Release|x64
		Release|x86 = Release|x86
	EndGlobalSection
	GlobalSection(ProjectConfigurationPlatforms) = postSolution
		{B326EA40-E218-427C-972E-D0BC7B0C4C8B}.Debug|x64.ActiveCfg = Debug|x64
		{B326EA40-E218-427C-972E-D0BC7B0C4C8B}.Debug|x64.Build.0 = Debug|x64
		{B326EA40-E218-427C-972E-D0BC7B0C4C8B}.Debug|x86.ActiveCfg = Debug|Win32
		{B326EA40-E218-427C-972E-D0BC7B0C4C8B}.Debug|x86.Build.0 = Debug|Win32
		{B326EA40-E218-427C-972E-D0BC7B0C4C8B}.Release|x64.ActiveCfg = Release|x64
		{B326EA40-E218-427C-972E-D0BC7B0C4C8B}.Release|x64.Build.0 = Release|x64
		{B326EA40-E218-427C-972E-D0BC7B0C4C8B}.Release|x86.ActiveCfg = Release|Win32
		{B326EA40-E218-427C-972E-D0BC7B0C4C8B}.Release|x86.Build.0 = Release|Win32
	EndGlobalSection
	GlobalSection(SolutionProperties) = preSolution
		HideSolutionNode = FALSE
	EndGlobalSection
	GlobalSection(ExtensibilityGlobals) = postSolution
		SolutionGuid = {1575F384-A109-4A5E-9D96-B8DC9F69BCB7}
	EndGlobalSection
EndGlobal
